
Microsoft Visual Studio Solution File, Format Version 12.00
# Visual Studio Version 17
VisualStudioVersion = 17.6.33829.357
MinimumVisualStudioVersion = 10.0.40219.1
Project("{9A19103F-16F7-4668-BE54-9A1E7A4F7556}") = "CmsShoppingCart", "CmsShoppingCart\CmsShoppingCart.csproj", "{2163DC9B-5FC1-42F1-B313-A45A8FDD3A8D}"
EndProject
Global
	GlobalSection(SolutionConfigurationPlatforms) = preSolution
		Debug|Any CPU = Debug|Any CPU
		Release|Any CPU = Release|Any CPU
	EndGlobalSection
	GlobalSection(ProjectConfigurationPlatforms) = postSolution
		{2163DC9B-5FC1-42F1-B313-A45A8FDD3A8D}.Debug|Any CPU.ActiveCfg = Debug|Any CPU
		{2163DC9B-5FC1-42F1-B313-A45A8FDD3A8D}.Debug|Any CPU.Build.0 = Debug|Any CPU
		{2163DC9B-5FC1-42F1-B313-A45A8FDD3A8D}.Release|Any CPU.ActiveCfg = Release|Any CPU
		{2163DC9B-5FC1-42F1-B313-A45A8FDD3A8D}.Release|Any CPU.Build.0 = Release|Any CPU
	EndGlobalSection
	GlobalSection(SolutionProperties) = preSolution
		HideSolutionNode = FALSE
	EndGlobalSection
	GlobalSection(ExtensibilityGlobals) = postSolution
		SolutionGuid = {564BC0CD-0948-45E3-B880-5E92F697FC72}
	EndGlobalSection
EndGlobal
